
Microsoft Visual Studio Solution File, Format Version 12.00
# Visual Studio Version 17
VisualStudioVersion = 17.0.31903.59
MinimumVisualStudioVersion = 10.0.40219.1
Project("{2150E333-8FDC-42A3-9474-1A3956D46DE8}") = "src", "src", "{1A372528-0556-4CFB-8072-F1B93612BD47}"
EndProject
Project("{FAE04EC0-301F-11D3-BF4B-00C04F79EFBC}") = "SenseHatLib", "src\SenseHatLib\SenseHatLib.csproj", "{D0CCCA8D-C776-486E-8F5C-0111FA35DDB0}"
EndProject
Project("{FAE04EC0-301F-11D3-BF4B-00C04F79EFBC}") = "SenseHatCli", "src\SenseHatCli\SenseHatCli.csproj", "{53EDCD3D-75EF-49D3-A6B2-A0E60F3D7900}"
EndProject
Project("{2150E333-8FDC-42A3-9474-1A3956D46DE8}") = "test", "test", "{113CE374-2F2A-435A-825C-634C43C4FAB8}"
EndProject
Project("{FAE04EC0-301F-11D3-BF4B-00C04F79EFBC}") = "SenseHatLibTest", "test\SenseHatLibTest\SenseHatLibTest.csproj", "{BB26E38F-CA51-4C23-8B1D-7C04B06125A3}"
EndProject
Global
	GlobalSection(SolutionConfigurationPlatforms) = preSolution
		Debug|Any CPU = Debug|Any CPU
		Release|Any CPU = Release|Any CPU
	EndGlobalSection
	GlobalSection(SolutionProperties) = preSolution
		HideSolutionNode = FALSE
	EndGlobalSection
	GlobalSection(ProjectConfigurationPlatforms) = postSolution
		{D0CCCA8D-C776-486E-8F5C-0111FA35DDB0}.Debug|Any CPU.ActiveCfg = Debug|Any CPU
		{D0CCCA8D-C776-486E-8F5C-0111FA35DDB0}.Debug|Any CPU.Build.0 = Debug|Any CPU
		{D0CCCA8D-C776-486E-8F5C-0111FA35DDB0}.Release|Any CPU.ActiveCfg = Release|Any CPU
		{D0CCCA8D-C776-486E-8F5C-0111FA35DDB0}.Release|Any CPU.Build.0 = Release|Any CPU
		{53EDCD3D-75EF-49D3-A6B2-A0E60F3D7900}.Debug|Any CPU.ActiveCfg = Debug|Any CPU
		{53EDCD3D-75EF-49D3-A6B2-A0E60F3D7900}.Debug|Any CPU.Build.0 = Debug|Any CPU
		{53EDCD3D-75EF-49D3-A6B2-A0E60F3D7900}.Release|Any CPU.ActiveCfg = Release|Any CPU
		{53EDCD3D-75EF-49D3-A6B2-A0E60F3D7900}.Release|Any CPU.Build.0 = Release|Any CPU
		{BB26E38F-CA51-4C23-8B1D-7C04B06125A3}.Debug|Any CPU.ActiveCfg = Debug|Any CPU
		{BB26E38F-CA51-4C23-8B1D-7C04B06125A3}.Debug|Any CPU.Build.0 = Debug|Any CPU
		{BB26E38F-CA51-4C23-8B1D-7C04B06125A3}.Release|Any CPU.ActiveCfg = Release|Any CPU
		{BB26E38F-CA51-4C23-8B1D-7C04B06125A3}.Release|Any CPU.Build.0 = Release|Any CPU
	EndGlobalSection
	GlobalSection(NestedProjects) = preSolution
		{D0CCCA8D-C776-486E-8F5C-0111FA35DDB0} = {1A372528-0556-4CFB-8072-F1B93612BD47}
		{53EDCD3D-75EF-49D3-A6B2-A0E60F3D7900} = {1A372528-0556-4CFB-8072-F1B93612BD47}
		{BB26E38F-CA51-4C23-8B1D-7C04B06125A3} = {113CE374-2F2A-435A-825C-634C43C4FAB8}
	EndGlobalSection
EndGlobal
